
Microsoft Visual Studio Solution File, Format Version 12.00
# Visual Studio Version 17
VisualStudioVersion = 17.0.32112.339
MinimumVisualStudioVersion = 10.0.40219.1
Project("{FAE04EC0-301F-11D3-BF4B-00C04F79EFBC}") = "DB_First_Tutorial", "DB_First_Tutorial\DB_First_Tutorial.csproj", "{9C17FA6C-98D2-4155-A021-4DB20158E7F9}"
EndProject
Global
	GlobalSection(SolutionConfigurationPlatforms) = preSolution
		Debug|Any CPU = Debug|Any CPU
		Release|Any CPU = Release|Any CPU
	EndGlobalSection
	GlobalSection(ProjectConfigurationPlatforms) = postSolution
		{9C17FA6C-98D2-4155-A021-4DB20158E7F9}.Debug|Any CPU.ActiveCfg = Debug|Any CPU
		{9C17FA6C-98D2-4155-A021-4DB20158E7F9}.Debug|Any CPU.Build.0 = Debug|Any CPU
		{9C17FA6C-98D2-4155-A021-4DB20158E7F9}.Release|Any CPU.ActiveCfg = Release|Any CPU
		{9C17FA6C-98D2-4155-A021-4DB20158E7F9}.Release|Any CPU.Build.0 = Release|Any CPU
	EndGlobalSection
	GlobalSection(SolutionProperties) = preSolution
		HideSolutionNode = FALSE
	EndGlobalSection
	GlobalSection(ExtensibilityGlobals) = postSolution
		SolutionGuid = {B28CDC4A-C0D6-41F4-BE8B-4EF824BDE1AC}
	EndGlobalSection
EndGlobal
